
Microsoft Visual Studio Solution File, Format Version 12.00
# Visual Studio Version 17
VisualStudioVersion = 17.7.34221.43
MinimumVisualStudioVersion = 10.0.40219.1
Project("{54A90642-561A-4BB1-A94E-469ADEE60C69}") = "AngularProject1", "AngularProject1\AngularProject1.esproj", "{8AD0278F-7445-4606-BF46-E791C592B9AE}"
EndProject
Global
	GlobalSection(SolutionConfigurationPlatforms) = preSolution
		Debug|Any CPU = Debug|Any CPU
		Release|Any CPU = Release|Any CPU
	EndGlobalSection
	GlobalSection(ProjectConfigurationPlatforms) = postSolution
		{8AD0278F-7445-4606-BF46-E791C592B9AE}.Debug|Any CPU.ActiveCfg = Release|Any CPU
		{8AD0278F-7445-4606-BF46-E791C592B9AE}.Debug|Any CPU.Build.0 = Release|Any CPU
		{8AD0278F-7445-4606-BF46-E791C592B9AE}.Debug|Any CPU.Deploy.0 = Release|Any CPU
		{8AD0278F-7445-4606-BF46-E791C592B9AE}.Release|Any CPU.ActiveCfg = Release|Any CPU
		{8AD0278F-7445-4606-BF46-E791C592B9AE}.Release|Any CPU.Build.0 = Release|Any CPU
		{8AD0278F-7445-4606-BF46-E791C592B9AE}.Release|Any CPU.Deploy.0 = Release|Any CPU
	EndGlobalSection
	GlobalSection(SolutionProperties) = preSolution
		HideSolutionNode = FALSE
	EndGlobalSection
	GlobalSection(ExtensibilityGlobals) = postSolution
		SolutionGuid = {07152720-ED9A-44D8-A69C-E27B1A299AF7}
	EndGlobalSection
EndGlobal
